
Microsoft Visual Studio Solution File, Format Version 12.00
# Visual Studio Version 17
VisualStudioVersion = 17.2.32630.192
MinimumVisualStudioVersion = 10.0.40219.1
Project("{FAE04EC0-301F-11D3-BF4B-00C04F79EFBC}") = "Business", "Business\Business.csproj", "{3647E55D-2F39-4840-92AE-C244D406CA45}"
EndProject
Project("{FAE04EC0-301F-11D3-BF4B-00C04F79EFBC}") = "DataAccess", "DataAccess\DataAccess.csproj", "{451B1B7B-20AD-48D3-B2AE-87BC34D63643}"
EndProject
Project("{FAE04EC0-301F-11D3-BF4B-00C04F79EFBC}") = "Entity", "Entity\Entity.csproj", "{28F814A6-FC30-4C19-8E27-2A440174F919}"
EndProject
Project("{FAE04EC0-301F-11D3-BF4B-00C04F79EFBC}") = "Core", "Core\Core.csproj", "{358BB649-9E8A-41A6-A435-CFC0B2D426B4}"
EndProject
Project("{FAE04EC0-301F-11D3-BF4B-00C04F79EFBC}") = "WebAPI", "WebAPI\WebAPI.csproj", "{EA7E0AD5-388D-4789-8927-DE8D699B5525}"
EndProject
Global
	GlobalSection(SolutionConfigurationPlatforms) = preSolution
		Debug|Any CPU = Debug|Any CPU
		Release|Any CPU = Release|Any CPU
	EndGlobalSection
	GlobalSection(ProjectConfigurationPlatforms) = postSolution
		{3647E55D-2F39-4840-92AE-C244D406CA45}.Debug|Any CPU.ActiveCfg = Debug|Any CPU
		{3647E55D-2F39-4840-92AE-C244D406CA45}.Debug|Any CPU.Build.0 = Debug|Any CPU
		{3647E55D-2F39-4840-92AE-C244D406CA45}.Release|Any CPU.ActiveCfg = Release|Any CPU
		{3647E55D-2F39-4840-92AE-C244D406CA45}.Release|Any CPU.Build.0 = Release|Any CPU
		{451B1B7B-20AD-48D3-B2AE-87BC34D63643}.Debug|Any CPU.ActiveCfg = Debug|Any CPU
		{451B1B7B-20AD-48D3-B2AE-87BC34D63643}.Debug|Any CPU.Build.0 = Debug|Any CPU
		{451B1B7B-20AD-48D3-B2AE-87BC34D63643}.Release|Any CPU.ActiveCfg = Release|Any CPU
		{451B1B7B-20AD-48D3-B2AE-87BC34D63643}.Release|Any CPU.Build.0 = Release|Any CPU
		{28F814A6-FC30-4C19-8E27-2A440174F919}.Debug|Any CPU.ActiveCfg = Debug|Any CPU
		{28F814A6-FC30-4C19-8E27-2A440174F919}.Debug|Any CPU.Build.0 = Debug|Any CPU
		{28F814A6-FC30-4C19-8E27-2A440174F919}.Release|Any CPU.ActiveCfg = Release|Any CPU
		{28F814A6-FC30-4C19-8E27-2A440174F919}.Release|Any CPU.Build.0 = Release|Any CPU
		{358BB649-9E8A-41A6-A435-CFC0B2D426B4}.Debug|Any CPU.ActiveCfg = Debug|Any CPU
		{358BB649-9E8A-41A6-A435-CFC0B2D426B4}.Debug|Any CPU.Build.0 = Debug|Any CPU
		{358BB649-9E8A-41A6-A435-CFC0B2D426B4}.Release|Any CPU.ActiveCfg = Release|Any CPU
		{358BB649-9E8A-41A6-A435-CFC0B2D426B4}.Release|Any CPU.Build.0 = Release|Any CPU
		{EA7E0AD5-388D-4789-8927-DE8D699B5525}.Debug|Any CPU.ActiveCfg = Debug|Any CPU
		{EA7E0AD5-388D-4789-8927-DE8D699B5525}.Debug|Any CPU.Build.0 = Debug|Any CPU
		{EA7E0AD5-388D-4789-8927-DE8D699B5525}.Release|Any CPU.ActiveCfg = Release|Any CPU
		{EA7E0AD5-388D-4789-8927-DE8D699B5525}.Release|Any CPU.Build.0 = Release|Any CPU
	EndGlobalSection
	GlobalSection(SolutionProperties) = preSolution
		HideSolutionNode = FALSE
	EndGlobalSection
	GlobalSection(ExtensibilityGlobals) = postSolution
		SolutionGuid = {CABAF171-AD34-4675-A47F-ACDFF6C93E2B}
	EndGlobalSection
EndGlobal
